
Microsoft Visual Studio Solution File, Format Version 12.00
# Visual Studio 2013
VisualStudioVersion = 12.0.30501.0
MinimumVisualStudioVersion = 10.0.40219.1
Project("{8BC9CEB8-8B4A-11D0-8D11-00A0C91BC942}") = "serial_pokerhands", "serial_pokerhands\serial_pokerhands.vcxproj", "{A878AEA2-EA87-4138-BF73-DFC6BAD31B7A}"
EndProject
Project("{8BC9CEB8-8B4A-11D0-8D11-00A0C91BC942}") = "parallel_pokerhands", "parallel_pokerhands\parallel_pokerhands.vcxproj", "{C15F6F27-9D51-48D6-A0E1-DFE3B4A53AFA}"
EndProject
Global
	GlobalSection(SolutionConfigurationPlatforms) = preSolution
		Debug|Win32 = Debug|Win32
		Release|Win32 = Release|Win32
	EndGlobalSection
	GlobalSection(ProjectConfigurationPlatforms) = postSolution
		{A878AEA2-EA87-4138-BF73-DFC6BAD31B7A}.Debug|Win32.ActiveCfg = Debug|Win32
		{A878AEA2-EA87-4138-BF73-DFC6BAD31B7A}.Debug|Win32.Build.0 = Debug|Win32
		{A878AEA2-EA87-4138-BF73-DFC6BAD31B7A}.Release|Win32.ActiveCfg = Release|Win32
		{A878AEA2-EA87-4138-BF73-DFC6BAD31B7A}.Release|Win32.Build.0 = Release|Win32
		{C15F6F27-9D51-48D6-A0E1-DFE3B4A53AFA}.Debug|Win32.ActiveCfg = Debug|Win32
		{C15F6F27-9D51-48D6-A0E1-DFE3B4A53AFA}.Debug|Win32.Build.0 = Debug|Win32
		{C15F6F27-9D51-48D6-A0E1-DFE3B4A53AFA}.Release|Win32.ActiveCfg = Release|Win32
		{C15F6F27-9D51-48D6-A0E1-DFE3B4A53AFA}.Release|Win32.Build.0 = Release|Win32
	EndGlobalSection
	GlobalSection(SolutionProperties) = preSolution
		HideSolutionNode = FALSE
	EndGlobalSection
EndGlobal
